
Microsoft Visual Studio Solution File, Format Version 12.00
# Visual Studio Version 17
VisualStudioVersion = 17.2.32630.192
MinimumVisualStudioVersion = 10.0.40219.1
Project("{FAE04EC0-301F-11D3-BF4B-00C04F79EFBC}") = "Meowlien.Toolkit.UnitTests", "Meowlien.Toolkit.UnitTests\Meowlien.Toolkit.UnitTests.csproj", "{8C08A5E3-F36D-46E2-BDE2-B2DFC49402A2}"
EndProject
Project("{9A19103F-16F7-4668-BE54-9A1E7A4F7556}") = "Meowlien.Toolkit", "..\Meowlien.Toolkit\Meowlien.Toolkit\Meowlien.Toolkit.csproj", "{DC8765B5-0974-475C-A00E-25B789E0D848}"
EndProject
Global
	GlobalSection(SolutionConfigurationPlatforms) = preSolution
		Debug|Any CPU = Debug|Any CPU
		Release|Any CPU = Release|Any CPU
	EndGlobalSection
	GlobalSection(ProjectConfigurationPlatforms) = postSolution
		{8C08A5E3-F36D-46E2-BDE2-B2DFC49402A2}.Debug|Any CPU.ActiveCfg = Debug|Any CPU
		{8C08A5E3-F36D-46E2-BDE2-B2DFC49402A2}.Debug|Any CPU.Build.0 = Debug|Any CPU
		{8C08A5E3-F36D-46E2-BDE2-B2DFC49402A2}.Release|Any CPU.ActiveCfg = Release|Any CPU
		{8C08A5E3-F36D-46E2-BDE2-B2DFC49402A2}.Release|Any CPU.Build.0 = Release|Any CPU
		{DC8765B5-0974-475C-A00E-25B789E0D848}.Debug|Any CPU.ActiveCfg = Debug|Any CPU
		{DC8765B5-0974-475C-A00E-25B789E0D848}.Debug|Any CPU.Build.0 = Debug|Any CPU
		{DC8765B5-0974-475C-A00E-25B789E0D848}.Release|Any CPU.ActiveCfg = Release|Any CPU
		{DC8765B5-0974-475C-A00E-25B789E0D848}.Release|Any CPU.Build.0 = Release|Any CPU
	EndGlobalSection
	GlobalSection(SolutionProperties) = preSolution
		HideSolutionNode = FALSE
	EndGlobalSection
	GlobalSection(ExtensibilityGlobals) = postSolution
		SolutionGuid = {B7F04325-930A-462F-9A81-B1835068E8BE}
	EndGlobalSection
EndGlobal
